
Microsoft Visual Studio Solution File, Format Version 12.00
# Visual Studio Version 17
VisualStudioVersion = 17.9.34607.119
MinimumVisualStudioVersion = 10.0.40219.1
Project("{FAE04EC0-301F-11D3-BF4B-00C04F79EFBC}") = "fashionDesignAPI", "fashionDesignAPI\fashionDesignAPI.csproj", "{7AF82BF3-1551-49DD-86E0-1E024C57850C}"
EndProject
Global
	GlobalSection(SolutionConfigurationPlatforms) = preSolution
		Debug|Any CPU = Debug|Any CPU
		Release|Any CPU = Release|Any CPU
	EndGlobalSection
	GlobalSection(ProjectConfigurationPlatforms) = postSolution
		{7AF82BF3-1551-49DD-86E0-1E024C57850C}.Debug|Any CPU.ActiveCfg = Debug|Any CPU
		{7AF82BF3-1551-49DD-86E0-1E024C57850C}.Debug|Any CPU.Build.0 = Debug|Any CPU
		{7AF82BF3-1551-49DD-86E0-1E024C57850C}.Release|Any CPU.ActiveCfg = Release|Any CPU
		{7AF82BF3-1551-49DD-86E0-1E024C57850C}.Release|Any CPU.Build.0 = Release|Any CPU
	EndGlobalSection
	GlobalSection(SolutionProperties) = preSolution
		HideSolutionNode = FALSE
	EndGlobalSection
	GlobalSection(ExtensibilityGlobals) = postSolution
		SolutionGuid = {BBB41C26-B91A-4081-9A6C-DC3D01EA3151}
	EndGlobalSection
EndGlobal
